
Microsoft Visual Studio Solution File, Format Version 12.00
# Visual Studio 14
VisualStudioVersion = 14.0.23107.0
MinimumVisualStudioVersion = 10.0.40219.1
Project("{FAE04EC0-301F-11D3-BF4B-00C04F79EFBC}") = "GitTools.IssueTrackers", "GitTools.IssueTrackers\GitTools.IssueTrackers.csproj", "{AC5F41EA-962E-491B-8557-A2A10DC757E4}"
EndProject
Project("{2150E333-8FDC-42A3-9474-1A3956D46DE8}") = ".misc", ".misc", "{2C7C2F12-44E8-4651-8F44-48EFD9B8A9BB}"
	ProjectSection(SolutionItems) = preProject
		..\appveyor.yml = ..\appveyor.yml
		..\GitVersionConfig.yaml = ..\GitVersionConfig.yaml
		..\README.md = ..\README.md
	EndProjectSection
EndProject
Project("{FAE04EC0-301F-11D3-BF4B-00C04F79EFBC}") = "GitTools.IssueTrackers.Tests", "GitTools.IssueTrackers.Tests\GitTools.IssueTrackers.Tests.csproj", "{C92B670C-0D20-40CD-A0B1-C2287D1147AF}"
EndProject
Global
	GlobalSection(SolutionConfigurationPlatforms) = preSolution
		Debug|Any CPU = Debug|Any CPU
		Release|Any CPU = Release|Any CPU
	EndGlobalSection
	GlobalSection(ProjectConfigurationPlatforms) = postSolution
		{AC5F41EA-962E-491B-8557-A2A10DC757E4}.Debug|Any CPU.ActiveCfg = Debug|Any CPU
		{AC5F41EA-962E-491B-8557-A2A10DC757E4}.Debug|Any CPU.Build.0 = Debug|Any CPU
		{AC5F41EA-962E-491B-8557-A2A10DC757E4}.Release|Any CPU.ActiveCfg = Release|Any CPU
		{AC5F41EA-962E-491B-8557-A2A10DC757E4}.Release|Any CPU.Build.0 = Release|Any CPU
		{C92B670C-0D20-40CD-A0B1-C2287D1147AF}.Debug|Any CPU.ActiveCfg = Debug|Any CPU
		{C92B670C-0D20-40CD-A0B1-C2287D1147AF}.Debug|Any CPU.Build.0 = Debug|Any CPU
		{C92B670C-0D20-40CD-A0B1-C2287D1147AF}.Release|Any CPU.ActiveCfg = Release|Any CPU
		{C92B670C-0D20-40CD-A0B1-C2287D1147AF}.Release|Any CPU.Build.0 = Release|Any CPU
	EndGlobalSection
	GlobalSection(SolutionProperties) = preSolution
		HideSolutionNode = FALSE
	EndGlobalSection
EndGlobal
